PODS:
  - Alamofire (3.5.1)
  - Kanna (2.1.1)

DEPENDENCIES:
  - Alamofire (~> 3.0)
  - Kanna (~> 2.1.0)

SPEC CHECKSUMS:
  Alamofire: 0dfba1184a543e2aa160f4e39cac4e8aba48d223
  Kanna: 9b4b086c218703f2b94f5b21a466217dd2f9332e

PODFILE CHECKSUM: a912e98862a2294353085a3b5f7bdaa068db5a10

COCOAPODS: 1.2.0
